// !$*UTF8*$!
{
	archiveVersion = 1;
	classes = {
	};
	objectVersion = 46;
	objects = {

/* Begin PBXBuildFile section */
		EB0F1FAE1C78D27F008FEE19 /* ArrayDequeBuffer.swift in Sources */ = {isa = PBXBuildFile; fileRef = EB0F1FAD1C78D27F008FEE19 /* ArrayDequeBuffer.swift */; };
		EB0F1FB01C790511008FEE19 /* Misc.swift in Sources */ = {isa = PBXBuildFile; fileRef = EB0F1FAF1C790511008FEE19 /* Misc.swift */; };
		EB0F1FB21C792FE8008FEE19 /* MiscTests.swift in Sources */ = {isa = PBXBuildFile; fileRef = EB0F1FB11C792FE8008FEE19 /* MiscTests.swift */; };
		EB2CC7C61C88BCBE00CAB433 /* LICENSE.txt in Resources */ = {isa = PBXBuildFile; fileRef = EB2CC7C51C88BCBE00CAB433 /* LICENSE.txt */; };
		EB68D9371C54554800D703C5 /* Collections.h in Headers */ = {isa = PBXBuildFile; fileRef = EB68D9361C54554800D703C5 /* Collections.h */; settings = {ATTRIBUTES = (Public, ); }; };
		EB68D94E1C54556000D703C5 /* Queue.swift in Sources */ = {isa = PBXBuildFile; fileRef = EB68D94D1C54556000D703C5 /* Queue.swift */; };
		EB68D9501C54559F00D703C5 /* QueueTests.swift in Sources */ = {isa = PBXBuildFile; fileRef = EB68D94F1C54559F00D703C5 /* QueueTests.swift */; };
		EB92F85A1C81D2D70029E0BD /* PriorityQueueTests.swift in Sources */ = {isa = PBXBuildFile; fileRef = EB92F8591C81D2D70029E0BD /* PriorityQueueTests.swift */; };
		EB9FC3F61C5838D900FF722A /* StackTests.swift in Sources */ = {isa = PBXBuildFile; fileRef = EB9FC3F51C5838D900FF722A /* StackTests.swift */; };
		EB9FC3F81C5AAA5300FF722A /* LinkedListNode.swift in Sources */ = {isa = PBXBuildFile; fileRef = EB9FC3F71C5AAA5200FF722A /* LinkedListNode.swift */; };
		EB9FC3FA1C5AADDF00FF722A /* LinkedListIndex.swift in Sources */ = {isa = PBXBuildFile; fileRef = EB9FC3F91C5AADDF00FF722A /* LinkedListIndex.swift */; };
		EBA11FC11C56B6F700ECC236 /* LinkedList.swift in Sources */ = {isa = PBXBuildFile; fileRef = EBA11FC01C56B6F700ECC236 /* LinkedList.swift */; };
		EBA11FC51C56C1D700ECC236 /* LinkedListTests.swift in Sources */ = {isa = PBXBuildFile; fileRef = EBA11FC41C56C1D700ECC236 /* LinkedListTests.swift */; };
		EBA11FC71C58083100ECC236 /* QueueType.swift in Sources */ = {isa = PBXBuildFile; fileRef = EBA11FC61C58083100ECC236 /* QueueType.swift */; };
		EBA11FC91C580D2800ECC236 /* StackType.swift in Sources */ = {isa = PBXBuildFile; fileRef = EBA11FC81C580D2800ECC236 /* StackType.swift */; };
		EBBE62951C7F85AD002E6BD9 /* HeapType.swift in Sources */ = {isa = PBXBuildFile; fileRef = EBBE62941C7F85AD002E6BD9 /* HeapType.swift */; };
		EBBE62971C7F85B8002E6BD9 /* PriorityQueue.swift in Sources */ = {isa = PBXBuildFile; fileRef = EBBE62961C7F85B8002E6BD9 /* PriorityQueue.swift */; };
		EBE36E761C553C4100FC3EAF /* Stack.swift in Sources */ = {isa = PBXBuildFile; fileRef = EBE36E751C553C4100FC3EAF /* Stack.swift */; };
		EBE36E781C554E0A00FC3EAF /* DequeCollectionType.swift in Sources */ = {isa = PBXBuildFile; fileRef = EBE36E771C554E0A00FC3EAF /* DequeCollectionType.swift */; };
		EBE36E7A1C554FCE00FC3EAF /* ArrayDeque.swift in Sources */ = {isa = PBXBuildFile; fileRef = EBE36E791C554FCE00FC3EAF /* ArrayDeque.swift */; };
		EBE36E7E1C558D7F00FC3EAF /* ArrayDequeTests.swift in Sources */ = {isa = PBXBuildFile; fileRef = EBE36E7D1C558D7F00FC3EAF /* ArrayDequeTests.swift */; };
/* End PBXBuildFile section */

/* Begin PBXContainerItemProxy section */
		EB68D93F1C54554800D703C5 /* PBXContainerItemProxy */ = {
			isa = PBXContainerItemProxy;
			containerPortal = EB68D92A1C54554800D703C5 /* Project object */;
			proxyType = 1;
			remoteGlobalIDString = EB68D9321C54554800D703C5;
			remoteInfo = Collections;
		};
/* End PBXContainerItemProxy section */

/* Begin PBXFileReference section */
		EB0F1FAD1C78D27F008FEE19 /* ArrayDequeBuffer.swift */ = {isa = PBXFileReference; fileEncoding = 4; lastKnownFileType = sourcecode.swift; path = ArrayDequeBuffer.swift; sourceTree = "<group>"; };
		EB0F1FAF1C790511008FEE19 /* Misc.swift */ = {isa = PBXFileReference; fileEncoding = 4; lastKnownFileType = sourcecode.swift; path = Misc.swift; sourceTree = "<group>"; };
		EB0F1FB11C792FE8008FEE19 /* MiscTests.swift */ = {isa = PBXFileReference; fileEncoding = 4; lastKnownFileType = sourcecode.swift; path = MiscTests.swift; sourceTree = "<group>"; };
		EB2CC7C51C88BCBE00CAB433 /* LICENSE.txt */ = {isa = PBXFileReference; fileEncoding = 4; lastKnownFileType = text; path = LICENSE.txt; sourceTree = "<group>"; };
		EB68D9331C54554800D703C5 /* Collections.framework */ = {isa = PBXFileReference; explicitFileType = wrapper.framework; includeInIndex = 0; path = Collections.framework; sourceTree = BUILT_PRODUCTS_DIR; };
		EB68D9361C54554800D703C5 /* Collections.h */ = {isa = PBXFileReference; lastKnownFileType = sourcecode.c.h; path = Collections.h; sourceTree = "<group>"; };
		EB68D9381C54554800D703C5 /* Info.plist */ = {isa = PBXFileReference; lastKnownFileType = text.plist.xml; path = Info.plist; sourceTree = "<group>"; };
		EB68D93D1C54554800D703C5 /* CollectionsTests.xctest */ = {isa = PBXFileReference; explicitFileType = wrapper.cfbundle; includeInIndex = 0; path = CollectionsTests.xctest; sourceTree = BUILT_PRODUCTS_DIR; };
		EB68D9441C54554800D703C5 /* Info.plist */ = {isa = PBXFileReference; lastKnownFileType = text.plist.xml; path = Info.plist; sourceTree = "<group>"; };
		EB68D94D1C54556000D703C5 /* Queue.swift */ = {isa = PBXFileReference; fileEncoding = 4; lastKnownFileType = sourcecode.swift; path = Queue.swift; sourceTree = "<group>"; };
		EB68D94F1C54559F00D703C5 /* QueueTests.swift */ = {isa = PBXFileReference; fileEncoding = 4; lastKnownFileType = sourcecode.swift; path = QueueTests.swift; sourceTree = "<group>"; };
		EB92F8591C81D2D70029E0BD /* PriorityQueueTests.swift */ = {isa = PBXFileReference; fileEncoding = 4; lastKnownFileType = sourcecode.swift; path = PriorityQueueTests.swift; sourceTree = "<group>"; };
		EB9FC3F51C5838D900FF722A /* StackTests.swift */ = {isa = PBXFileReference; fileEncoding = 4; lastKnownFileType = sourcecode.swift; path = StackTests.swift; sourceTree = "<group>"; };
		EB9FC3F71C5AAA5200FF722A /* LinkedListNode.swift */ = {isa = PBXFileReference; fileEncoding = 4; lastKnownFileType = sourcecode.swift; path = LinkedListNode.swift; sourceTree = "<group>"; };
		EB9FC3F91C5AADDF00FF722A /* LinkedListIndex.swift */ = {isa = PBXFileReference; fileEncoding = 4; lastKnownFileType = sourcecode.swift; path = LinkedListIndex.swift; sourceTree = "<group>"; };
		EBA11FC01C56B6F700ECC236 /* LinkedList.swift */ = {isa = PBXFileReference; fileEncoding = 4; lastKnownFileType = sourcecode.swift; path = LinkedList.swift; sourceTree = "<group>"; };
		EBA11FC41C56C1D700ECC236 /* LinkedListTests.swift */ = {isa = PBXFileReference; fileEncoding = 4; lastKnownFileType = sourcecode.swift; path = LinkedListTests.swift; sourceTree = "<group>"; };
		EBA11FC61C58083100ECC236 /* QueueType.swift */ = {isa = PBXFileReference; fileEncoding = 4; lastKnownFileType = sourcecode.swift; path = QueueType.swift; sourceTree = "<group>"; };
		EBA11FC81C580D2800ECC236 /* StackType.swift */ = {isa = PBXFileReference; fileEncoding = 4; lastKnownFileType = sourcecode.swift; path = StackType.swift; sourceTree = "<group>"; };
		EBBE62941C7F85AD002E6BD9 /* HeapType.swift */ = {isa = PBXFileReference; fileEncoding = 4; lastKnownFileType = sourcecode.swift; path = HeapType.swift; sourceTree = "<group>"; };
		EBBE62961C7F85B8002E6BD9 /* PriorityQueue.swift */ = {isa = PBXFileReference; fileEncoding = 4; lastKnownFileType = sourcecode.swift; path = PriorityQueue.swift; sourceTree = "<group>"; };
		EBE36E751C553C4100FC3EAF /* Stack.swift */ = {isa = PBXFileReference; fileEncoding = 4; lastKnownFileType = sourcecode.swift; path = Stack.swift; sourceTree = "<group>"; };
		EBE36E771C554E0A00FC3EAF /* DequeCollectionType.swift */ = {isa = PBXFileReference; fileEncoding = 4; lastKnownFileType = sourcecode.swift; path = DequeCollectionType.swift; sourceTree = "<group>"; };
		EBE36E791C554FCE00FC3EAF /* ArrayDeque.swift */ = {isa = PBXFileReference; fileEncoding = 4; lastKnownFileType = sourcecode.swift; path = ArrayDeque.swift; sourceTree = "<group>"; };
		EBE36E7D1C558D7F00FC3EAF /* ArrayDequeTests.swift */ = {isa = PBXFileReference; fileEncoding = 4; lastKnownFileType = sourcecode.swift; path = ArrayDequeTests.swift; sourceTree = "<group>"; };
/* End PBXFileReference section */

/* Begin PBXFrameworksBuildPhase section */
		EB68D92F1C54554800D703C5 /* Frameworks */ = {
			isa = PBXFrameworksBuildPhase;
			buildActionMask = 2147483647;
			files = (
			);
			runOnlyForDeploymentPostprocessing = 0;
		};
		EB68D93A1C54554800D703C5 /* Frameworks */ = {
			isa = PBXFrameworksBuildPhase;
			buildActionMask = 2147483647;
			files = (
			);
			runOnlyForDeploymentPostprocessing = 0;
		};
/* End PBXFrameworksBuildPhase section */

/* Begin PBXGroup section */
		EB68D9291C54554800D703C5 = {
			isa = PBXGroup;
			children = (
				EB2CC7C51C88BCBE00CAB433 /* LICENSE.txt */,
				EB68D9351C54554800D703C5 /* Collections */,
				EB68D9411C54554800D703C5 /* CollectionsTests */,
				EB68D9341C54554800D703C5 /* Products */,
			);
			sourceTree = "<group>";
		};
		EB68D9341C54554800D703C5 /* Products */ = {
			isa = PBXGroup;
			children = (
				EB68D9331C54554800D703C5 /* Collections.framework */,
				EB68D93D1C54554800D703C5 /* CollectionsTests.xctest */,
			);
			name = Products;
			sourceTree = "<group>";
		};
		EB68D9351C54554800D703C5 /* Collections */ = {
			isa = PBXGroup;
			children = (
				EB68D9361C54554800D703C5 /* Collections.h */,
				EB68D9381C54554800D703C5 /* Info.plist */,
				EBE36E771C554E0A00FC3EAF /* DequeCollectionType.swift */,
				EBE36E791C554FCE00FC3EAF /* ArrayDeque.swift */,
				EB0F1FAD1C78D27F008FEE19 /* ArrayDequeBuffer.swift */,
				EBA11FC01C56B6F700ECC236 /* LinkedList.swift */,
				EB9FC3F91C5AADDF00FF722A /* LinkedListIndex.swift */,
				EB9FC3F71C5AAA5200FF722A /* LinkedListNode.swift */,
				EBA11FC81C580D2800ECC236 /* StackType.swift */,
				EBE36E751C553C4100FC3EAF /* Stack.swift */,
				EBA11FC61C58083100ECC236 /* QueueType.swift */,
				EB68D94D1C54556000D703C5 /* Queue.swift */,
				EBBE62941C7F85AD002E6BD9 /* HeapType.swift */,
				EBBE62961C7F85B8002E6BD9 /* PriorityQueue.swift */,
				EB0F1FAF1C790511008FEE19 /* Misc.swift */,
			);
			path = Collections;
			sourceTree = "<group>";
		};
		EB68D9411C54554800D703C5 /* CollectionsTests */ = {
			isa = PBXGroup;
			children = (
				EB68D9441C54554800D703C5 /* Info.plist */,
				EBE36E7D1C558D7F00FC3EAF /* ArrayDequeTests.swift */,
				EBA11FC41C56C1D700ECC236 /* LinkedListTests.swift */,
				EB9FC3F51C5838D900FF722A /* StackTests.swift */,
				EB68D94F1C54559F00D703C5 /* QueueTests.swift */,
				EB92F8591C81D2D70029E0BD /* PriorityQueueTests.swift */,
				EB0F1FB11C792FE8008FEE19 /* MiscTests.swift */,
			);
			path = CollectionsTests;
			sourceTree = "<group>";
		};
/* End PBXGroup section */

/* Begin PBXHeadersBuildPhase section */
		EB68D9301C54554800D703C5 /* Headers */ = {
			isa = PBXHeadersBuildPhase;
			buildActionMask = 2147483647;
			files = (
				EB68D9371C54554800D703C5 /* Collections.h in Headers */,
			);
			runOnlyForDeploymentPostprocessing = 0;
		};
/* End PBXHeadersBuildPhase section */

/* Begin PBXNativeTarget section */
		EB68D9321C54554800D703C5 /* Collections */ = {
			isa = PBXNativeTarget;
			buildConfigurationList = EB68D9471C54554800D703C5 /* Build configuration list for PBXNativeTarget "Collections" */;
			buildPhases = (
				EB68D92E1C54554800D703C5 /* Sources */,
				EB68D92F1C54554800D703C5 /* Frameworks */,
				EB68D9301C54554800D703C5 /* Headers */,
				EB68D9311C54554800D703C5 /* Resources */,
			);
			buildRules = (
			);
			dependencies = (
			);
			name = Collections;
			productName = Collections;
			productReference = EB68D9331C54554800D703C5 /* Collections.framework */;
			productType = "com.apple.product-type.framework";
		};
		EB68D93C1C54554800D703C5 /* CollectionsTests */ = {
			isa = PBXNativeTarget;
			buildConfigurationList = EB68D94A1C54554800D703C5 /* Build configuration list for PBXNativeTarget "CollectionsTests" */;
			buildPhases = (
				EB68D9391C54554800D703C5 /* Sources */,
				EB68D93A1C54554800D703C5 /* Frameworks */,
				EB68D93B1C54554800D703C5 /* Resources */,
			);
			buildRules = (
			);
			dependencies = (
				EB68D9401C54554800D703C5 /* PBXTargetDependency */,
			);
			name = CollectionsTests;
			productName = CollectionsTests;
			productReference = EB68D93D1C54554800D703C5 /* CollectionsTests.xctest */;
			productType = "com.apple.product-type.bundle.unit-test";
		};
/* End PBXNativeTarget section */

/* Begin PBXProject section */
		EB68D92A1C54554800D703C5 /* Project object */ = {
			isa = PBXProject;
			attributes = {
				LastSwiftUpdateCheck = 0720;
				LastUpgradeCheck = 0720;
				ORGANIZATIONNAME = massada;
				TargetAttributes = {
					EB68D9321C54554800D703C5 = {
						CreatedOnToolsVersion = 7.2;
					};
					EB68D93C1C54554800D703C5 = {
						CreatedOnToolsVersion = 7.2;
					};
				};
			};
			buildConfigurationList = EB68D92D1C54554800D703C5 /* Build configuration list for PBXProject "Collections" */;
			compatibilityVersion = "Xcode 3.2";
			developmentRegion = English;
			hasScannedForEncodings = 0;
			knownRegions = (
				en,
			);
			mainGroup = EB68D9291C54554800D703C5;
			productRefGroup = EB68D9341C54554800D703C5 /* Products */;
			projectDirPath = "";
			projectRoot = "";
			targets = (
				EB68D9321C54554800D703C5 /* Collections */,
				EB68D93C1C54554800D703C5 /* CollectionsTests */,
			);
		};
/* End PBXProject section */

/* Begin PBXResourcesBuildPhase section */
		EB68D9311C54554800D703C5 /* Resources */ = {
			isa = PBXResourcesBuildPhase;
			buildActionMask = 2147483647;
			files = (
				EB2CC7C61C88BCBE00CAB433 /* LICENSE.txt in Resources */,
			);
			runOnlyForDeploymentPostprocessing = 0;
		};
		EB68D93B1C54554800D703C5 /* Resources */ = {
			isa = PBXResourcesBuildPhase;
			buildActionMask = 2147483647;
			files = (
			);
			runOnlyForDeploymentPostprocessing = 0;
		};
/* End PBXResourcesBuildPhase section */

/* Begin PBXSourcesBuildPhase section */
		EB68D92E1C54554800D703C5 /* Sources */ = {
			isa = PBXSourcesBuildPhase;
			buildActionMask = 2147483647;
			files = (
				EB9FC3F81C5AAA5300FF722A /* LinkedListNode.swift in Sources */,
				EBA11FC11C56B6F700ECC236 /* LinkedList.swift in Sources */,
				EBA11FC91C580D2800ECC236 /* StackType.swift in Sources */,
				EBBE62951C7F85AD002E6BD9 /* HeapType.swift in Sources */,
				EB0F1FAE1C78D27F008FEE19 /* ArrayDequeBuffer.swift in Sources */,
				EBA11FC71C58083100ECC236 /* QueueType.swift in Sources */,
				EB0F1FB01C790511008FEE19 /* Misc.swift in Sources */,
				EBE36E7A1C554FCE00FC3EAF /* ArrayDeque.swift in Sources */,
				EB68D94E1C54556000D703C5 /* Queue.swift in Sources */,
				EBE36E761C553C4100FC3EAF /* Stack.swift in Sources */,
				EB9FC3FA1C5AADDF00FF722A /* LinkedListIndex.swift in Sources */,
				EBE36E781C554E0A00FC3EAF /* DequeCollectionType.swift in Sources */,
				EBBE62971C7F85B8002E6BD9 /* PriorityQueue.swift in Sources */,
			);
			runOnlyForDeploymentPostprocessing = 0;
		};
		EB68D9391C54554800D703C5 /* Sources */ = {
			isa = PBXSourcesBuildPhase;
			buildActionMask = 2147483647;
			files = (
				EB9FC3F61C5838D900FF722A /* StackTests.swift in Sources */,
				EBE36E7E1C558D7F00FC3EAF /* ArrayDequeTests.swift in Sources */,
				EB0F1FB21C792FE8008FEE19 /* MiscTests.swift in Sources */,
				EBA11FC51C56C1D700ECC236 /* LinkedListTests.swift in Sources */,
				EB68D9501C54559F00D703C5 /* QueueTests.swift in Sources */,
				EB92F85A1C81D2D70029E0BD /* PriorityQueueTests.swift in Sources */,
			);
			runOnlyForDeploymentPostprocessing = 0;
		};
/* End PBXSourcesBuildPhase section */

/* Begin PBXTargetDependency section */
		EB68D9401C54554800D703C5 /* PBXTargetDependency */ = {
			isa = PBXTargetDependency;
			target = EB68D9321C54554800D703C5 /* Collections */;
			targetProxy = EB68D93F1C54554800D703C5 /* PBXContainerItemProxy */;
		};
/* End PBXTargetDependency section */

/* Begin XCBuildConfiguration section */
		EB68D9451C54554800D703C5 /* Debug */ = {
			isa = XCBuildConfiguration;
			buildSettings = {
				ALWAYS_SEARCH_USER_PATHS = NO;
				CLANG_CXX_LANGUAGE_STANDARD = "gnu++0x";
				CLANG_CXX_LIBRARY = "libc++";
				CLANG_ENABLE_MODULES = YES;
				CLANG_ENABLE_OBJC_ARC = YES;
				CLANG_WARN_BOOL_CONVERSION = YES;
				CLANG_WARN_CONSTANT_CONVERSION = YES;
				CLANG_WARN_DIRECT_OBJC_ISA_USAGE = YES_ERROR;
				CLANG_WARN_EMPTY_BODY = YES;
				CLANG_WARN_ENUM_CONVERSION = YES;
				CLANG_WARN_INT_CONVERSION = YES;
				CLANG_WARN_OBJC_ROOT_CLASS = YES_ERROR;
				CLANG_WARN_UNREACHABLE_CODE = YES;
				CLANG_WARN__DUPLICATE_METHOD_MATCH = YES;
				"CODE_SIGN_IDENTITY[sdk=iphoneos*]" = "iPhone Developer";
				COPY_PHASE_STRIP = NO;
				CURRENT_PROJECT_VERSION = 1;
				DEBUG_INFORMATION_FORMAT = dwarf;
				ENABLE_STRICT_OBJC_MSGSEND = YES;
				ENABLE_TESTABILITY = YES;
				GCC_C_LANGUAGE_STANDARD = gnu99;
				GCC_DYNAMIC_NO_PIC = NO;
				GCC_NO_COMMON_BLOCKS = YES;
				GCC_OPTIMIZATION_LEVEL = 0;
				GCC_PREPROCESSOR_DEFINITIONS = (
					"DEBUG=1",
					"$(inherited)",
				);
				GCC_WARN_64_TO_32_BIT_CONVERSION = YES;
				GCC_WARN_ABOUT_RETURN_TYPE = YES_ERROR;
				GCC_WARN_UNDECLARED_SELECTOR = YES;
				GCC_WARN_UNINITIALIZED_AUTOS = YES_AGGRESSIVE;
				GCC_WARN_UNUSED_FUNCTION = YES;
				GCC_WARN_UNUSED_VARIABLE = YES;
				IPHONEOS_DEPLOYMENT_TARGET = 9.2;
				MTL_ENABLE_DEBUG_INFO = YES;
				ONLY_ACTIVE_ARCH = NO;
				SDKROOT = iphoneos;
				SWIFT_OPTIMIZATION_LEVEL = "-Onone";
				TARGETED_DEVICE_FAMILY = "1,2";
				VERSIONING_SYSTEM = "apple-generic";
				VERSION_INFO_PREFIX = "";
			};
			name = Debug;
		};
		EB68D9461C54554800D703C5 /* Release */ = {
			isa = XCBuildConfiguration;
			buildSettings = {
				ALWAYS_SEARCH_USER_PATHS = NO;
				CLANG_CXX_LANGUAGE_STANDARD = "gnu++0x";
				CLANG_CXX_LIBRARY = "libc++";
				CLANG_ENABLE_MODULES = YES;
				CLANG_ENABLE_OBJC_ARC = YES;
				CLANG_WARN_BOOL_CONVERSION = YES;
				CLANG_WARN_CONSTANT_CONVERSION = YES;
				CLANG_WARN_DIRECT_OBJC_ISA_USAGE = YES_ERROR;
				CLANG_WARN_EMPTY_BODY = YES;
				CLANG_WARN_ENUM_CONVERSION = YES;
				CLANG_WARN_INT_CONVERSION = YES;
				CLANG_WARN_OBJC_ROOT_CLASS = YES_ERROR;
				CLANG_WARN_UNREACHABLE_CODE = YES;
				CLANG_WARN__DUPLICATE_METHOD_MATCH = YES;
				"CODE_SIGN_IDENTITY[sdk=iphoneos*]" = "iPhone Developer";
				COPY_PHASE_STRIP = NO;
				CURRENT_PROJECT_VERSION = 1;
				DEBUG_INFORMATION_FORMAT = "dwarf-with-dsym";
				ENABLE_NS_ASSERTIONS = NO;
				ENABLE_STRICT_OBJC_MSGSEND = YES;
				GCC_C_LANGUAGE_STANDARD = gnu99;
				GCC_NO_COMMON_BLOCKS = YES;
				GCC_WARN_64_TO_32_BIT_CONVERSION = YES;
				GCC_WARN_ABOUT_RETURN_TYPE = YES_ERROR;
				GCC_WARN_UNDECLARED_SELECTOR = YES;
				GCC_WARN_UNINITIALIZED_AUTOS = YES_AGGRESSIVE;
				GCC_WARN_UNUSED_FUNCTION = YES;
				GCC_WARN_UNUSED_VARIABLE = YES;
				IPHONEOS_DEPLOYMENT_TARGET = 9.2;
				MTL_ENABLE_DEBUG_INFO = NO;
				SDKROOT = iphoneos;
				TARGETED_DEVICE_FAMILY = "1,2";
				VALIDATE_PRODUCT = YES;
				VERSIONING_SYSTEM = "apple-generic";
				VERSION_INFO_PREFIX = "";
			};
			name = Release;
		};
		EB68D9481C54554800D703C5 /* Debug */ = {
			isa = XCBuildConfiguration;
			buildSettings = {
				CLANG_ENABLE_MODULES = YES;
				DEFINES_MODULE = YES;
				DYLIB_COMPATIBILITY_VERSION = 1;
				DYLIB_CURRENT_VERSION = 1;
				DYLIB_INSTALL_NAME_BASE = "@rpath";
				INFOPLIST_FILE = Collections/Info.plist;
				INSTALL_PATH = "$(LOCAL_LIBRARY_DIR)/Frameworks";
				LD_RUNPATH_SEARCH_PATHS = "$(inherited) @executable_path/Frameworks @loader_path/Frameworks";
				PRODUCT_BUNDLE_IDENTIFIER = com.massada.Collections;
				PRODUCT_NAME = "$(TARGET_NAME)";
				SKIP_INSTALL = YES;
				SWIFT_OPTIMIZATION_LEVEL = "-Onone";
			};
			name = Debug;
		};
		EB68D9491C54554800D703C5 /* Release */ = {
			isa = XCBuildConfiguration;
			buildSettings = {
				CLANG_ENABLE_MODULES = YES;
				DEFINES_MODULE = YES;
				DYLIB_COMPATIBILITY_VERSION = 1;
				DYLIB_CURRENT_VERSION = 1;
				DYLIB_INSTALL_NAME_BASE = "@rpath";
				INFOPLIST_FILE = Collections/Info.plist;
				INSTALL_PATH = "$(LOCAL_LIBRARY_DIR)/Frameworks";
				LD_RUNPATH_SEARCH_PATHS = "$(inherited) @executable_path/Frameworks @loader_path/Frameworks";
				PRODUCT_BUNDLE_IDENTIFIER = com.massada.Collections;
				PRODUCT_NAME = "$(TARGET_NAME)";
				SKIP_INSTALL = YES;
			};
			name = Release;
		};
		EB68D94B1C54554800D703C5 /* Debug */ = {
			isa = XCBuildConfiguration;
			buildSettings = {
				INFOPLIST_FILE = CollectionsTests/Info.plist;
				LD_RUNPATH_SEARCH_PATHS = "$(inherited) @executable_path/Frameworks @loader_path/Frameworks";
				PRODUCT_BUNDLE_IDENTIFIER = com.massada.CollectionsTests;
				PRODUCT_NAME = "$(TARGET_NAME)";
			};
			name = Debug;
		};
		EB68D94C1C54554800D703C5 /* Release */ = {
			isa = XCBuildConfiguration;
			buildSettings = {
				INFOPLIST_FILE = CollectionsTests/Info.plist;
				LD_RUNPATH_SEARCH_PATHS = "$(inherited) @executable_path/Frameworks @loader_path/Frameworks";
				PRODUCT_BUNDLE_IDENTIFIER = com.massada.CollectionsTests;
				PRODUCT_NAME = "$(TARGET_NAME)";
			};
			name = Release;
		};
/* End XCBuildConfiguration section */

/* Begin XCConfigurationList section */
		EB68D92D1C54554800D703C5 /* Build configuration list for PBXProject "Collections" */ = {
			isa = XCConfigurationList;
			buildConfigurations = (
				EB68D9451C54554800D703C5 /* Debug */,
				EB68D9461C54554800D703C5 /* Release */,
			);
			defaultConfigurationIsVisible = 0;
			defaultConfigurationName = Release;
		};
		EB68D9471C54554800D703C5 /* Build configuration list for PBXNativeTarget "Collections" */ = {
			isa = XCConfigurationList;
			buildConfigurations = (
				EB68D9481C54554800D703C5 /* Debug */,
				EB68D9491C54554800D703C5 /* Release */,
			);
			defaultConfigurationIsVisible = 0;
			defaultConfigurationName = Release;
		};
		EB68D94A1C54554800D703C5 /* Build configuration list for PBXNativeTarget "CollectionsTests" */ = {
			isa = XCConfigurationList;
			buildConfigurations = (
				EB68D94B1C54554800D703C5 /* Debug */,
				EB68D94C1C54554800D703C5 /* Release */,
			);
			defaultConfigurationIsVisible = 0;
			defaultConfigurationName = Release;
		};
/* End XCConfigurationList section */
	};
	rootObject = EB68D92A1C54554800D703C5 /* Project object */;
}
